
Microsoft Visual Studio Solution File, Format Version 12.00
# Visual Studio 15
VisualStudioVersion = 15.0.28307.106
MinimumVisualStudioVersion = 10.0.40219.1
Project("{8BC9CEB8-8B4A-11D0-8D11-00A0C91BC942}") = "RenderingDX12", "RenderingDX12\example_win32_directx12.vcxproj", "{B4CF9797-519D-4AFE-A8F4-5141A6B521D3}"
EndProject
Project("{8BC9CEB8-8B4A-11D0-8D11-00A0C91BC942}") = "FallbackLayer", "Libraries\D3D12RaytracingFallback\src\FallbackLayer.vcxproj", "{4BE280A6-1066-41CA-ACDD-6BB7E532508B}"
EndProject
Project("{8BC9CEB8-8B4A-11D0-8D11-00A0C91BC942}") = "CA4G", "CA4G\CA4G.vcxproj", "{BA1239C1-9264-4620-8545-6472A3312B79}"
EndProject
Project("{8BC9CEB8-8B4A-11D0-8D11-00A0C91BC942}") = "DirectXTex", "Libraries\DirectXTex\DirectXTex_Desktop_2017_Win10.vcxproj", "{371B9FA9-4C90-4AC6-A123-ACED756D6C77}"
EndProject
Project("{2150E333-8FDC-42A3-9474-1A3956D46DE8}") = "Images", "Images", "{4D88534A-D62C-4632-A3CA-F77C5B963052}"
	ProjectSection(SolutionItems) = preProject
		Images\ca4g.jpg = Images\ca4g.jpg
		Images\DXRSample1.jpg = Images\DXRSample1.jpg
		Images\PhotonMap.png = Images\PhotonMap.png
		Images\Tutorial1.jpg = Images\Tutorial1.jpg
		Images\Tutorial3.jpg = Images\Tutorial3.jpg
	EndProjectSection
EndProject
Global
	GlobalSection(SolutionConfigurationPlatforms) = preSolution
		Debug|x64 = Debug|x64
		Debug|x86 = Debug|x86
		Profile|x64 = Profile|x64
		Profile|x86 = Profile|x86
		Release|x64 = Release|x64
		Release|x86 = Release|x86
	EndGlobalSection
	GlobalSection(ProjectConfigurationPlatforms) = postSolution
		{B4CF9797-519D-4AFE-A8F4-5141A6B521D3}.Debug|x64.ActiveCfg = Debug|x64
		{B4CF9797-519D-4AFE-A8F4-5141A6B521D3}.Debug|x64.Build.0 = Debug|x64
		{B4CF9797-519D-4AFE-A8F4-5141A6B521D3}.Debug|x86.ActiveCfg = Debug|Win32
		{B4CF9797-519D-4AFE-A8F4-5141A6B521D3}.Debug|x86.Build.0 = Debug|Win32
		{B4CF9797-519D-4AFE-A8F4-5141A6B521D3}.Profile|x64.ActiveCfg = Release|x64
		{B4CF9797-519D-4AFE-A8F4-5141A6B521D3}.Profile|x64.Build.0 = Release|x64
		{B4CF9797-519D-4AFE-A8F4-5141A6B521D3}.Profile|x86.ActiveCfg = Release|Win32
		{B4CF9797-519D-4AFE-A8F4-5141A6B521D3}.Profile|x86.Build.0 = Release|Win32
		{B4CF9797-519D-4AFE-A8F4-5141A6B521D3}.Release|x64.ActiveCfg = Release|x64
		{B4CF9797-519D-4AFE-A8F4-5141A6B521D3}.Release|x64.Build.0 = Release|x64
		{B4CF9797-519D-4AFE-A8F4-5141A6B521D3}.Release|x86.ActiveCfg = Release|Win32
		{B4CF9797-519D-4AFE-A8F4-5141A6B521D3}.Release|x86.Build.0 = Release|Win32
		{4BE280A6-1066-41CA-ACDD-6BB7E532508B}.Debug|x64.ActiveCfg = Debug|x64
		{4BE280A6-1066-41CA-ACDD-6BB7E532508B}.Debug|x64.Build.0 = Debug|x64
		{4BE280A6-1066-41CA-ACDD-6BB7E532508B}.Debug|x86.ActiveCfg = Debug|x64
		{4BE280A6-1066-41CA-ACDD-6BB7E532508B}.Profile|x64.ActiveCfg = Profile|x64
		{4BE280A6-1066-41CA-ACDD-6BB7E532508B}.Profile|x64.Build.0 = Profile|x64
		{4BE280A6-1066-41CA-ACDD-6BB7E532508B}.Profile|x86.ActiveCfg = Profile|x64
		{4BE280A6-1066-41CA-ACDD-6BB7E532508B}.Release|x64.ActiveCfg = Release|x64
		{4BE280A6-1066-41CA-ACDD-6BB7E532508B}.Release|x64.Build.0 = Release|x64
		{4BE280A6-1066-41CA-ACDD-6BB7E532508B}.Release|x86.ActiveCfg = Release|x64
		{BA1239C1-9264-4620-8545-6472A3312B79}.Debug|x64.ActiveCfg = Debug|x64
		{BA1239C1-9264-4620-8545-6472A3312B79}.Debug|x64.Build.0 = Debug|x64
		{BA1239C1-9264-4620-8545-6472A3312B79}.Debug|x86.ActiveCfg = Debug|Win32
		{BA1239C1-9264-4620-8545-6472A3312B79}.Debug|x86.Build.0 = Debug|Win32
		{BA1239C1-9264-4620-8545-6472A3312B79}.Profile|x64.ActiveCfg = Release|x64
		{BA1239C1-9264-4620-8545-6472A3312B79}.Profile|x64.Build.0 = Release|x64
		{BA1239C1-9264-4620-8545-6472A3312B79}.Profile|x86.ActiveCfg = Release|Win32
		{BA1239C1-9264-4620-8545-6472A3312B79}.Profile|x86.Build.0 = Release|Win32
		{BA1239C1-9264-4620-8545-6472A3312B79}.Release|x64.ActiveCfg = Release|x64
		{BA1239C1-9264-4620-8545-6472A3312B79}.Release|x64.Build.0 = Release|x64
		{BA1239C1-9264-4620-8545-6472A3312B79}.Release|x86.ActiveCfg = Release|Win32
		{BA1239C1-9264-4620-8545-6472A3312B79}.Release|x86.Build.0 = Release|Win32
		{371B9FA9-4C90-4AC6-A123-ACED756D6C77}.Debug|x64.ActiveCfg = Debug|x64
		{371B9FA9-4C90-4AC6-A123-ACED756D6C77}.Debug|x64.Build.0 = Debug|x64
		{371B9FA9-4C90-4AC6-A123-ACED756D6C77}.Debug|x86.ActiveCfg = Debug|Win32
		{371B9FA9-4C90-4AC6-A123-ACED756D6C77}.Debug|x86.Build.0 = Debug|Win32
		{371B9FA9-4C90-4AC6-A123-ACED756D6C77}.Profile|x64.ActiveCfg = Profile|x64
		{371B9FA9-4C90-4AC6-A123-ACED756D6C77}.Profile|x64.Build.0 = Profile|x64
		{371B9FA9-4C90-4AC6-A123-ACED756D6C77}.Profile|x86.ActiveCfg = Profile|Win32
		{371B9FA9-4C90-4AC6-A123-ACED756D6C77}.Profile|x86.Build.0 = Profile|Win32
		{371B9FA9-4C90-4AC6-A123-ACED756D6C77}.Release|x64.ActiveCfg = Release|x64
		{371B9FA9-4C90-4AC6-A123-ACED756D6C77}.Release|x64.Build.0 = Release|x64
		{371B9FA9-4C90-4AC6-A123-ACED756D6C77}.Release|x86.ActiveCfg = Release|Win32
		{371B9FA9-4C90-4AC6-A123-ACED756D6C77}.Release|x86.Build.0 = Release|Win32
	EndGlobalSection
	GlobalSection(SolutionProperties) = preSolution
		HideSolutionNode = FALSE
	EndGlobalSection
	GlobalSection(ExtensibilityGlobals) = postSolution
		SolutionGuid = {512F98DC-0CB6-4764-8C81-18FA0D5C6880}
	EndGlobalSection
EndGlobal
